
Microsoft Visual Studio Solution File, Format Version 12.00
# Visual Studio Version 17
VisualStudioVersion = 17.4.33205.214
MinimumVisualStudioVersion = 10.0.40219.1
Project("{FAE04EC0-301F-11D3-BF4B-00C04F79EFBC}") = "guess_word_game", "guess_word_game.csproj", "{39CDE5AC-F116-4AB7-BC5E-E8BC9C2C592E}"
EndProject
Global
	GlobalSection(SolutionConfigurationPlatforms) = preSolution
		Debug|Any CPU = Debug|Any CPU
		Release|Any CPU = Release|Any CPU
	EndGlobalSection
	GlobalSection(ProjectConfigurationPlatforms) = postSolution
		{39CDE5AC-F116-4AB7-BC5E-E8BC9C2C592E}.Debug|Any CPU.ActiveCfg = Debug|Any CPU
		{39CDE5AC-F116-4AB7-BC5E-E8BC9C2C592E}.Debug|Any CPU.Build.0 = Debug|Any CPU
		{39CDE5AC-F116-4AB7-BC5E-E8BC9C2C592E}.Release|Any CPU.ActiveCfg = Release|Any CPU
		{39CDE5AC-F116-4AB7-BC5E-E8BC9C2C592E}.Release|Any CPU.Build.0 = Release|Any CPU
	EndGlobalSection
	GlobalSection(SolutionProperties) = preSolution
		HideSolutionNode = FALSE
	EndGlobalSection
	GlobalSection(ExtensibilityGlobals) = postSolution
		SolutionGuid = {F2B00C3C-607C-4827-A7A6-356814B5AE1B}
	EndGlobalSection
EndGlobal
